hash: 9b88c8ce183463a407bdb87f79b6b857d8343a7bb5ce4723223c539c654d6d6d
updated: 2017-04-11T20:07:50.857342641+02:00
imports:
- name: github.com/gorilla/context
  version: 08b5f424b9271eedf6f9f0ce86cb9396ed337a42
- name: github.com/gorilla/mux
  version: 392c28fe23e1c45ddba891b0320b3b5df220beea
- name: github.com/mastertinner/adapters
  version: 402cb2e8d9ff63dad093f386fc85ef2a36c42bfc
  subpackages:
  - logging
- name: github.com/minio/minio-go
  version: dcaae9ec4d0b0a81d17f22f6d7a186491f6a55ec
  subpackages:
  - pkg/policy
  - pkg/s3signer
  - pkg/s3utils
  - pkg/set
- name: github.com/stretchr/testify
  version: 69483b4bd14f5845b5a1e55bca19e954e827f1d0
  subpackages:
  - assert
testImports:
- name: github.com/davecgh/go-spew
  version: 6d212800a42e8ab5c146b8ace3490ee17e5225f9
  subpackages:
  - spew
- name: github.com/pmezard/go-difflib
  version: d8ed2627bdf02c080bf22230dbb337003b7aba2d
  subpackages:
  - difflib
